
Microsoft Visual Studio Solution File, Format Version 12.00
# Visual Studio Version 17
VisualStudioVersion = 17.0.31903.59
MinimumVisualStudioVersion = 10.0.40219.1
Project("{9A19103F-16F7-4668-BE54-9A1E7A4F7556}") = "Freem.Entities", "Freem.Entities\Freem.Entities.csproj", "{711DAC13-481C-4177-A804-2116BE38BD35}"
EndProject
Project("{9A19103F-16F7-4668-BE54-9A1E7A4F7556}") = "Freem.Collections", "Freem.Collections\Freem.Collections.csproj", "{20ACDA4F-76E4-48E5-92FE-54E3D01D62DB}"
EndProject
Project("{FAE04EC0-301F-11D3-BF4B-00C04F79EFBC}") = "Freem.DateTimePeriods", "Freem.DateTimePeriods\Freem.DateTimePeriods.csproj", "{1A9D599E-91D1-4504-9341-C095F0D9B81A}"
EndProject
Project("{FAE04EC0-301F-11D3-BF4B-00C04F79EFBC}") = "Freem.DateTimePeriods.UnitTests", "Freem.DateTimePeriods.UnitTests\Freem.DateTimePeriods.UnitTests.csproj", "{DFBCE009-D235-4EFF-9B52-06A5EDCAFAA3}"
EndProject
Project("{FAE04EC0-301F-11D3-BF4B-00C04F79EFBC}") = "Freem.Entities.Storage.Abstractions", "Freem.Entities.Storage.Abstractions\Freem.Entities.Storage.Abstractions.csproj", "{6172CB41-6391-4844-9D3A-C604361B18B2}"
EndProject
Project("{FAE04EC0-301F-11D3-BF4B-00C04F79EFBC}") = "Freem.Storage.Abstractions", "Freem.Storage.Abstractions\Freem.Storage.Abstractions.csproj", "{777C49E2-9AE2-4C9B-B12A-421602360E3E}"
EndProject
Project("{FAE04EC0-301F-11D3-BF4B-00C04F79EFBC}") = "Freem.Sorting", "Freem.Sorting\Freem.Sorting.csproj", "{AE051E9B-06AF-4016-A165-F95C7C0F330B}"
EndProject
Project("{FAE04EC0-301F-11D3-BF4B-00C04F79EFBC}") = "Freem.Entities.Storage.PostgreSQL", "Freem.Entities.Storage.PostgreSQL\Freem.Entities.Storage.PostgreSQL.csproj", "{9A64AF28-C535-4B97-BD63-5D7990C44BBE}"
EndProject
Global
	GlobalSection(SolutionConfigurationPlatforms) = preSolution
		Debug|Any CPU = Debug|Any CPU
		Release|Any CPU = Release|Any CPU
	EndGlobalSection
	GlobalSection(ProjectConfigurationPlatforms) = postSolution
		{711DAC13-481C-4177-A804-2116BE38BD35}.Debug|Any CPU.ActiveCfg = Debug|Any CPU
		{711DAC13-481C-4177-A804-2116BE38BD35}.Debug|Any CPU.Build.0 = Debug|Any CPU
		{711DAC13-481C-4177-A804-2116BE38BD35}.Release|Any CPU.ActiveCfg = Release|Any CPU
		{711DAC13-481C-4177-A804-2116BE38BD35}.Release|Any CPU.Build.0 = Release|Any CPU
		{20ACDA4F-76E4-48E5-92FE-54E3D01D62DB}.Debug|Any CPU.ActiveCfg = Debug|Any CPU
		{20ACDA4F-76E4-48E5-92FE-54E3D01D62DB}.Debug|Any CPU.Build.0 = Debug|Any CPU
		{20ACDA4F-76E4-48E5-92FE-54E3D01D62DB}.Release|Any CPU.ActiveCfg = Release|Any CPU
		{20ACDA4F-76E4-48E5-92FE-54E3D01D62DB}.Release|Any CPU.Build.0 = Release|Any CPU
		{1A9D599E-91D1-4504-9341-C095F0D9B81A}.Debug|Any CPU.ActiveCfg = Debug|Any CPU
		{1A9D599E-91D1-4504-9341-C095F0D9B81A}.Debug|Any CPU.Build.0 = Debug|Any CPU
		{1A9D599E-91D1-4504-9341-C095F0D9B81A}.Release|Any CPU.ActiveCfg = Release|Any CPU
		{1A9D599E-91D1-4504-9341-C095F0D9B81A}.Release|Any CPU.Build.0 = Release|Any CPU
		{DFBCE009-D235-4EFF-9B52-06A5EDCAFAA3}.Debug|Any CPU.ActiveCfg = Debug|Any CPU
		{DFBCE009-D235-4EFF-9B52-06A5EDCAFAA3}.Debug|Any CPU.Build.0 = Debug|Any CPU
		{DFBCE009-D235-4EFF-9B52-06A5EDCAFAA3}.Release|Any CPU.ActiveCfg = Release|Any CPU
		{DFBCE009-D235-4EFF-9B52-06A5EDCAFAA3}.Release|Any CPU.Build.0 = Release|Any CPU
		{6172CB41-6391-4844-9D3A-C604361B18B2}.Debug|Any CPU.ActiveCfg = Debug|Any CPU
		{6172CB41-6391-4844-9D3A-C604361B18B2}.Debug|Any CPU.Build.0 = Debug|Any CPU
		{6172CB41-6391-4844-9D3A-C604361B18B2}.Release|Any CPU.ActiveCfg = Release|Any CPU
		{6172CB41-6391-4844-9D3A-C604361B18B2}.Release|Any CPU.Build.0 = Release|Any CPU
		{777C49E2-9AE2-4C9B-B12A-421602360E3E}.Debug|Any CPU.ActiveCfg = Debug|Any CPU
		{777C49E2-9AE2-4C9B-B12A-421602360E3E}.Debug|Any CPU.Build.0 = Debug|Any CPU
		{777C49E2-9AE2-4C9B-B12A-421602360E3E}.Release|Any CPU.ActiveCfg = Release|Any CPU
		{777C49E2-9AE2-4C9B-B12A-421602360E3E}.Release|Any CPU.Build.0 = Release|Any CPU
		{AE051E9B-06AF-4016-A165-F95C7C0F330B}.Debug|Any CPU.ActiveCfg = Debug|Any CPU
		{AE051E9B-06AF-4016-A165-F95C7C0F330B}.Debug|Any CPU.Build.0 = Debug|Any CPU
		{AE051E9B-06AF-4016-A165-F95C7C0F330B}.Release|Any CPU.ActiveCfg = Release|Any CPU
		{AE051E9B-06AF-4016-A165-F95C7C0F330B}.Release|Any CPU.Build.0 = Release|Any CPU
		{9A64AF28-C535-4B97-BD63-5D7990C44BBE}.Debug|Any CPU.ActiveCfg = Debug|Any CPU
		{9A64AF28-C535-4B97-BD63-5D7990C44BBE}.Debug|Any CPU.Build.0 = Debug|Any CPU
		{9A64AF28-C535-4B97-BD63-5D7990C44BBE}.Release|Any CPU.ActiveCfg = Release|Any CPU
		{9A64AF28-C535-4B97-BD63-5D7990C44BBE}.Release|Any CPU.Build.0 = Release|Any CPU
	EndGlobalSection
	GlobalSection(SolutionProperties) = preSolution
		HideSolutionNode = FALSE
	EndGlobalSection
	GlobalSection(ExtensibilityGlobals) = postSolution
		SolutionGuid = {8D957C18-6DAF-494E-A23C-A37347EA96C4}
	EndGlobalSection
EndGlobal
