
Microsoft Visual Studio Solution File, Format Version 12.00
# Visual Studio Version 17
VisualStudioVersion = 17.0.31903.59
MinimumVisualStudioVersion = 10.0.40219.1
Project("{9A19103F-16F7-4668-BE54-9A1E7A4F7556}") = "Freem.Entities", "Freem.Entities\Freem.Entities.csproj", "{711DAC13-481C-4177-A804-2116BE38BD35}"
EndProject
Project("{FAE04EC0-301F-11D3-BF4B-00C04F79EFBC}") = "Freem.Entities.Storage.Abstractions", "Freem.Entities.Storage.Abstractions\Freem.Entities.Storage.Abstractions.csproj", "{6172CB41-6391-4844-9D3A-C604361B18B2}"
EndProject
Project("{FAE04EC0-301F-11D3-BF4B-00C04F79EFBC}") = "Freem.Storage.Abstractions", "Freem.Storage.Abstractions\Freem.Storage.Abstractions.csproj", "{777C49E2-9AE2-4C9B-B12A-421602360E3E}"
EndProject
Project("{FAE04EC0-301F-11D3-BF4B-00C04F79EFBC}") = "Freem.Sorting", "Freem.Sorting\Freem.Sorting.csproj", "{AE051E9B-06AF-4016-A165-F95C7C0F330B}"
EndProject
Project("{FAE04EC0-301F-11D3-BF4B-00C04F79EFBC}") = "Freem.Entities.Storage.PostgreSQL", "Freem.Entities.Storage.PostgreSQL\Freem.Entities.Storage.PostgreSQL.csproj", "{9A64AF28-C535-4B97-BD63-5D7990C44BBE}"
EndProject
Project("{FAE04EC0-301F-11D3-BF4B-00C04F79EFBC}") = "Freem.EFCore.Extensions", "Freem.EFCore.Extensions\Freem.EFCore.Extensions.csproj", "{986B8A6C-4CC8-45D0-9EA5-585C97A844BA}"
EndProject
Project("{FAE04EC0-301F-11D3-BF4B-00C04F79EFBC}") = "Freem.Entities.Storage.PostgreSQL.Migrations", "Freem.Entities.Storage.PostgreSQL.Migrations\Freem.Entities.Storage.PostgreSQL.Migrations.csproj", "{B4E618D8-3EE0-4CCA-8DC7-CEAA078CCFFF}"
EndProject
Project("{FAE04EC0-301F-11D3-BF4B-00C04F79EFBC}") = "Freem.Storage.EFCore", "Freem.Storage.EFCore\Freem.Storage.EFCore.csproj", "{758EE40D-C306-437C-AEF6-E9C11C219135}"
EndProject
Project("{FAE04EC0-301F-11D3-BF4B-00C04F79EFBC}") = "Freem.Entities.Storage.PostgreSQL.IntegrationTests", "Freem.Entities.Storage.PostgreSQL.IntegrationTests\Freem.Entities.Storage.PostgreSQL.IntegrationTests.csproj", "{8893DD9E-D0D5-4872-90C0-E247A53D64A4}"
EndProject
Project("{FAE04EC0-301F-11D3-BF4B-00C04F79EFBC}") = "Freem.Configurations", "Freem.Configurations\Freem.Configurations.csproj", "{C004D9B2-7021-474C-8FB8-1F7DEA454477}"
EndProject
Project("{FAE04EC0-301F-11D3-BF4B-00C04F79EFBC}") = "Freem.DependencyInjection.Microsoft", "Freem.DependencyInjection.Microsoft\Freem.DependencyInjection.Microsoft.csproj", "{77D83DD3-51B7-4F70-97CE-1C7409DAD0E9}"
EndProject
Project("{FAE04EC0-301F-11D3-BF4B-00C04F79EFBC}") = "Freem.AutoFixture", "Freem.AutoFixture\Freem.AutoFixture.csproj", "{B5817132-2C12-4E9C-BF1C-AC7BB7FFE2B0}"
EndProject
Project("{FAE04EC0-301F-11D3-BF4B-00C04F79EFBC}") = "Freem.Collections", "Freem.Collections\Freem.Collections.csproj", "{39E0C1D4-C85E-4CBA-9479-4DD4CA70D5D1}"
EndProject
Project("{FAE04EC0-301F-11D3-BF4B-00C04F79EFBC}") = "Freem.Entities.Abstractions", "Freem.Entities.Abstractions\Freem.Entities.Abstractions.csproj", "{8EF3F0AF-DE3E-4605-A247-B696FE383F61}"
EndProject
Project("{FAE04EC0-301F-11D3-BF4B-00C04F79EFBC}") = "Freem.Enums", "Freem.Enums\Freem.Enums.csproj", "{3B27E9A1-8E4A-44FB-8D00-CA76623634A5}"
EndProject
Project("{FAE04EC0-301F-11D3-BF4B-00C04F79EFBC}") = "Freem.Entities.Storage.PostgreSQL.UnitTests", "Freem.Entities.Storage.PostgreSQL.UnitTests\Freem.Entities.Storage.PostgreSQL.UnitTests.csproj", "{0955D20A-CA9A-41FE-9ADA-4E8B2DC8E822}"
EndProject
Project("{FAE04EC0-301F-11D3-BF4B-00C04F79EFBC}") = "Freem.Time", "Freem.Time\Freem.Time.csproj", "{B3E1011F-39D2-4299-9D97-8CEFCEE1A07D}"
EndProject
Project("{FAE04EC0-301F-11D3-BF4B-00C04F79EFBC}") = "Freem.Time.UnitTests", "Freem.Time.UnitTests\Freem.Time.UnitTests.csproj", "{D00F15A4-6213-4880-BDBD-75810EFAE8F8}"
EndProject
Project("{FAE04EC0-301F-11D3-BF4B-00C04F79EFBC}") = "Freem.Entities.UseCases", "Freem.Entities.UseCases\Freem.Entities.UseCases.csproj", "{9C604102-8740-446E-9B7E-58861C563A86}"
EndProject
Project("{FAE04EC0-301F-11D3-BF4B-00C04F79EFBC}") = "Freem.Storage.Migrations", "Freem.Storage.Migrations\Freem.Storage.Migrations.csproj", "{A901E5F3-D988-49E2-8CD6-C9ECA03CB3D1}"
EndProject
Project("{FAE04EC0-301F-11D3-BF4B-00C04F79EFBC}") = "Freem.TextProcessing", "Freem.TextProcessing\Freem.TextProcessing.csproj", "{3D923D8D-A3D9-4F7E-97D3-CBAF49FE4561}"
EndProject
Project("{FAE04EC0-301F-11D3-BF4B-00C04F79EFBC}") = "Freem.Reflection", "Freem.Reflection\Freem.Reflection.csproj", "{04DFFA75-4635-4AC2-80C4-74377581194A}"
EndProject
Project("{FAE04EC0-301F-11D3-BF4B-00C04F79EFBC}") = "Freem.Entities.Storage.PostgreSQL.Migrations.UnitTests", "Freem.Entities.Storage.PostgreSQL.Migrations.UnitTests\Freem.Entities.Storage.PostgreSQL.Migrations.UnitTests.csproj", "{5ADF4E9B-1C60-4203-8A42-6038ABD7168A}"
EndProject
Project("{FAE04EC0-301F-11D3-BF4B-00C04F79EFBC}") = "Freem.Entities.UnitTests", "Freem.Entities.UnitTests\Freem.Entities.UnitTests.csproj", "{ADD35AF3-AF14-43E4-B63B-0F6C2ADD5229}"
EndProject
Project("{FAE04EC0-301F-11D3-BF4B-00C04F79EFBC}") = "Freem.Collections.UnitTests", "Freem.Collections.UnitTests\Freem.Collections.UnitTests.csproj", "{F11A617F-236E-4CD0-9926-72C7F874DB62}"
EndProject
Project("{FAE04EC0-301F-11D3-BF4B-00C04F79EFBC}") = "Freem.Converters", "Freem.Converters\Freem.Converters.csproj", "{665AEF23-8654-474D-9722-5E1361D95129}"
EndProject
Project("{FAE04EC0-301F-11D3-BF4B-00C04F79EFBC}") = "Freem.Converters.UnitTests", "Freem.Converters.UnitTests\Freem.Converters.UnitTests.csproj", "{5FAE0463-DBAF-4E66-BE26-B26CCF4D7914}"
EndProject
Project("{FAE04EC0-301F-11D3-BF4B-00C04F79EFBC}") = "Freem.Exceptions", "Freem.Exceptions\Freem.Exceptions.csproj", "{FA14AC14-119E-425D-8D61-E3AB8AE18909}"
EndProject
Project("{FAE04EC0-301F-11D3-BF4B-00C04F79EFBC}") = "Freem.Clones", "Freem.Clones\Freem.Clones.csproj", "{D2517216-097A-4117-9734-54EE7A042016}"
EndProject
Project("{FAE04EC0-301F-11D3-BF4B-00C04F79EFBC}") = "Freem.Identifiers", "Freem.Identifiers\Freem.Identifiers.csproj", "{A406CE01-DDBE-413C-9737-E065CF3B5974}"
EndProject
Project("{FAE04EC0-301F-11D3-BF4B-00C04F79EFBC}") = "Freem.Identifiers.UnitTests", "Freem.Identifiers.UnitTests\Freem.Identifiers.UnitTests.csproj", "{CAFE7F30-4EA6-45F7-9485-3987AA5B73FB}"
EndProject
Project("{FAE04EC0-301F-11D3-BF4B-00C04F79EFBC}") = "Freem.Locking.Abstractions", "Freem.Locking.Abstractions\Freem.Locking.Abstractions.csproj", "{05CCF510-5A32-426A-8504-6A90C83CDF19}"
EndProject
Project("{FAE04EC0-301F-11D3-BF4B-00C04F79EFBC}") = "Freem.Locking.Redis", "Freem.Locking.Redis\Freem.Locking.Redis.csproj", "{01D19794-F8B4-436D-A59A-CDBF5B0C55F0}"
EndProject
Project("{FAE04EC0-301F-11D3-BF4B-00C04F79EFBC}") = "Freem.Locking.Redis.IntegrationTests", "Freem.Locking.Redis.IntegrationTests\Freem.Locking.Redis.IntegrationTests.csproj", "{CBD662AF-CF46-4730-9A1F-0435FA1EEF60}"
EndProject
Project("{FAE04EC0-301F-11D3-BF4B-00C04F79EFBC}") = "Freem.Locking.Redis.UnitTests", "Freem.Locking.Redis.UnitTests\Freem.Locking.Redis.UnitTests.csproj", "{A3AFD939-8E4F-4FF5-A006-20CE0183BF57}"
EndProject
Project("{FAE04EC0-301F-11D3-BF4B-00C04F79EFBC}") = "Freem.Timeouts", "Freem.Timeouts\Freem.Timeouts.csproj", "{26F48C06-96F4-4ED6-A943-0FEEF2453B68}"
EndProject
Project("{FAE04EC0-301F-11D3-BF4B-00C04F79EFBC}") = "Freem.Credentials.Password", "Freem.Credentials.Password\Freem.Credentials.Password.csproj", "{B7C22E87-9049-490B-A8CB-4FAFF0D76CD8}"
EndProject
Project("{FAE04EC0-301F-11D3-BF4B-00C04F79EFBC}") = "Freem.Crypto.Hashes", "Freem.Crypto.Hashes\Freem.Crypto.Hashes.csproj", "{3DDA37B2-E634-4811-BB06-CB2B74564CA9}"
EndProject
Project("{FAE04EC0-301F-11D3-BF4B-00C04F79EFBC}") = "Freem.Tokens.JWT", "Freem.Tokens.JWT\Freem.Tokens.JWT.csproj", "{C3B9AD83-ED19-435E-94A3-479A0035E6E2}"
EndProject
Project("{FAE04EC0-301F-11D3-BF4B-00C04F79EFBC}") = "Freem.Tokens", "Freem.Tokens\Freem.Tokens.csproj", "{22E80125-8FFD-41B0-A47A-34B40FBCFB6E}"
EndProject
Project("{FAE04EC0-301F-11D3-BF4B-00C04F79EFBC}") = "Freem.Tokens.Blacklist.Redis", "Freem.Tokens.Blacklist.Redis\Freem.Tokens.Blacklist.Redis.csproj", "{EB44524E-3100-4B6F-BB31-690FC1FF36AF}"
EndProject
Project("{FAE04EC0-301F-11D3-BF4B-00C04F79EFBC}") = "Freem.Entities.UseCases.IntegrationTests", "Freem.Entities.UseCases.IntegrationTests\Freem.Entities.UseCases.IntegrationTests.csproj", "{35EAA7E3-8911-4731-9399-6F97E7C37208}"
EndProject
Project("{FAE04EC0-301F-11D3-BF4B-00C04F79EFBC}") = "Freem.Locking.Local", "Freem.Locking.Local\Freem.Locking.Local.csproj", "{77FF541A-606C-498E-960C-2A2322D825A5}"
EndProject
Project("{FAE04EC0-301F-11D3-BF4B-00C04F79EFBC}") = "Freem.Linq", "Freem.Linq\Freem.Linq.csproj", "{B88A65C4-A82A-4C0E-A6B2-837B6BCA20C6}"
EndProject
Project("{FAE04EC0-301F-11D3-BF4B-00C04F79EFBC}") = "Freem.UseCases.Abstractions", "Freem.UseCases.Abstractions\Freem.UseCases.Abstractions.csproj", "{6048DF12-0F6E-4E0D-B1DB-CFE2FF984B32}"
EndProject
Project("{FAE04EC0-301F-11D3-BF4B-00C04F79EFBC}") = "Freem.UseCases.Contracts.Abstractions", "Freem.UseCases.Contracts.Abstractions\Freem.UseCases.Contracts.Abstractions.csproj", "{A7F97FF5-54DD-45D5-BAB3-4B0B992CBC11}"
EndProject
Project("{FAE04EC0-301F-11D3-BF4B-00C04F79EFBC}") = "Freem.UseCases", "Freem.UseCases\Freem.UseCases.csproj", "{926BA16D-7E7B-4D6C-9E73-1868F36AD702}"
EndProject
Project("{FAE04EC0-301F-11D3-BF4B-00C04F79EFBC}") = "Freem.Entities.UseCases.Contracts", "Freem.Entities.UseCases.Contracts\Freem.Entities.UseCases.Contracts.csproj", "{6A50BCB9-B604-45C7-AFF9-E6174C2612DB}"
EndProject
Project("{FAE04EC0-301F-11D3-BF4B-00C04F79EFBC}") = "Freem.Entities.Bus.Events", "Freem.Entities.Bus.Events\Freem.Entities.Bus.Events.csproj", "{558AE494-65B4-4063-9BFF-51E1118A7E9B}"
EndProject
Project("{FAE04EC0-301F-11D3-BF4B-00C04F79EFBC}") = "Freem.Validation", "Freem.Validation\Freem.Validation.csproj", "{E1F57F81-5FAF-46F0-AA15-7A1BD2CEE19F}"
EndProject
Project("{2150E333-8FDC-42A3-9474-1A3956D46DE8}") = "Domain", "Domain", "{889531CC-3851-46D2-B710-9B04C6B528D9}"
EndProject
Project("{2150E333-8FDC-42A3-9474-1A3956D46DE8}") = "UseCases", "UseCases", "{69405A25-0C18-4BC2-A897-6FED7074E796}"
EndProject
Project("{2150E333-8FDC-42A3-9474-1A3956D46DE8}") = "Storage", "Storage", "{ADF444C9-69EB-489B-9815-573FDDD5AEBF}"
EndProject
Global
	GlobalSection(SolutionConfigurationPlatforms) = preSolution
		Debug|Any CPU = Debug|Any CPU
		Release|Any CPU = Release|Any CPU
	EndGlobalSection
	GlobalSection(ProjectConfigurationPlatforms) = postSolution
		{711DAC13-481C-4177-A804-2116BE38BD35}.Debug|Any CPU.ActiveCfg = Debug|Any CPU
		{711DAC13-481C-4177-A804-2116BE38BD35}.Debug|Any CPU.Build.0 = Debug|Any CPU
		{711DAC13-481C-4177-A804-2116BE38BD35}.Release|Any CPU.ActiveCfg = Release|Any CPU
		{711DAC13-481C-4177-A804-2116BE38BD35}.Release|Any CPU.Build.0 = Release|Any CPU
		{6172CB41-6391-4844-9D3A-C604361B18B2}.Debug|Any CPU.ActiveCfg = Debug|Any CPU
		{6172CB41-6391-4844-9D3A-C604361B18B2}.Debug|Any CPU.Build.0 = Debug|Any CPU
		{6172CB41-6391-4844-9D3A-C604361B18B2}.Release|Any CPU.ActiveCfg = Release|Any CPU
		{6172CB41-6391-4844-9D3A-C604361B18B2}.Release|Any CPU.Build.0 = Release|Any CPU
		{777C49E2-9AE2-4C9B-B12A-421602360E3E}.Debug|Any CPU.ActiveCfg = Debug|Any CPU
		{777C49E2-9AE2-4C9B-B12A-421602360E3E}.Debug|Any CPU.Build.0 = Debug|Any CPU
		{777C49E2-9AE2-4C9B-B12A-421602360E3E}.Release|Any CPU.ActiveCfg = Release|Any CPU
		{777C49E2-9AE2-4C9B-B12A-421602360E3E}.Release|Any CPU.Build.0 = Release|Any CPU
		{AE051E9B-06AF-4016-A165-F95C7C0F330B}.Debug|Any CPU.ActiveCfg = Debug|Any CPU
		{AE051E9B-06AF-4016-A165-F95C7C0F330B}.Debug|Any CPU.Build.0 = Debug|Any CPU
		{AE051E9B-06AF-4016-A165-F95C7C0F330B}.Release|Any CPU.ActiveCfg = Release|Any CPU
		{AE051E9B-06AF-4016-A165-F95C7C0F330B}.Release|Any CPU.Build.0 = Release|Any CPU
		{9A64AF28-C535-4B97-BD63-5D7990C44BBE}.Debug|Any CPU.ActiveCfg = Debug|Any CPU
		{9A64AF28-C535-4B97-BD63-5D7990C44BBE}.Debug|Any CPU.Build.0 = Debug|Any CPU
		{9A64AF28-C535-4B97-BD63-5D7990C44BBE}.Release|Any CPU.ActiveCfg = Release|Any CPU
		{9A64AF28-C535-4B97-BD63-5D7990C44BBE}.Release|Any CPU.Build.0 = Release|Any CPU
		{986B8A6C-4CC8-45D0-9EA5-585C97A844BA}.Debug|Any CPU.ActiveCfg = Debug|Any CPU
		{986B8A6C-4CC8-45D0-9EA5-585C97A844BA}.Debug|Any CPU.Build.0 = Debug|Any CPU
		{986B8A6C-4CC8-45D0-9EA5-585C97A844BA}.Release|Any CPU.ActiveCfg = Release|Any CPU
		{986B8A6C-4CC8-45D0-9EA5-585C97A844BA}.Release|Any CPU.Build.0 = Release|Any CPU
		{B4E618D8-3EE0-4CCA-8DC7-CEAA078CCFFF}.Debug|Any CPU.ActiveCfg = Debug|Any CPU
		{B4E618D8-3EE0-4CCA-8DC7-CEAA078CCFFF}.Debug|Any CPU.Build.0 = Debug|Any CPU
		{B4E618D8-3EE0-4CCA-8DC7-CEAA078CCFFF}.Release|Any CPU.ActiveCfg = Release|Any CPU
		{B4E618D8-3EE0-4CCA-8DC7-CEAA078CCFFF}.Release|Any CPU.Build.0 = Release|Any CPU
		{758EE40D-C306-437C-AEF6-E9C11C219135}.Debug|Any CPU.ActiveCfg = Debug|Any CPU
		{758EE40D-C306-437C-AEF6-E9C11C219135}.Debug|Any CPU.Build.0 = Debug|Any CPU
		{758EE40D-C306-437C-AEF6-E9C11C219135}.Release|Any CPU.ActiveCfg = Release|Any CPU
		{758EE40D-C306-437C-AEF6-E9C11C219135}.Release|Any CPU.Build.0 = Release|Any CPU
		{8893DD9E-D0D5-4872-90C0-E247A53D64A4}.Debug|Any CPU.ActiveCfg = Debug|Any CPU
		{8893DD9E-D0D5-4872-90C0-E247A53D64A4}.Debug|Any CPU.Build.0 = Debug|Any CPU
		{8893DD9E-D0D5-4872-90C0-E247A53D64A4}.Release|Any CPU.ActiveCfg = Release|Any CPU
		{8893DD9E-D0D5-4872-90C0-E247A53D64A4}.Release|Any CPU.Build.0 = Release|Any CPU
		{C004D9B2-7021-474C-8FB8-1F7DEA454477}.Debug|Any CPU.ActiveCfg = Debug|Any CPU
		{C004D9B2-7021-474C-8FB8-1F7DEA454477}.Debug|Any CPU.Build.0 = Debug|Any CPU
		{C004D9B2-7021-474C-8FB8-1F7DEA454477}.Release|Any CPU.ActiveCfg = Release|Any CPU
		{C004D9B2-7021-474C-8FB8-1F7DEA454477}.Release|Any CPU.Build.0 = Release|Any CPU
		{77D83DD3-51B7-4F70-97CE-1C7409DAD0E9}.Debug|Any CPU.ActiveCfg = Debug|Any CPU
		{77D83DD3-51B7-4F70-97CE-1C7409DAD0E9}.Debug|Any CPU.Build.0 = Debug|Any CPU
		{77D83DD3-51B7-4F70-97CE-1C7409DAD0E9}.Release|Any CPU.ActiveCfg = Release|Any CPU
		{77D83DD3-51B7-4F70-97CE-1C7409DAD0E9}.Release|Any CPU.Build.0 = Release|Any CPU
		{B5817132-2C12-4E9C-BF1C-AC7BB7FFE2B0}.Debug|Any CPU.ActiveCfg = Debug|Any CPU
		{B5817132-2C12-4E9C-BF1C-AC7BB7FFE2B0}.Debug|Any CPU.Build.0 = Debug|Any CPU
		{B5817132-2C12-4E9C-BF1C-AC7BB7FFE2B0}.Release|Any CPU.ActiveCfg = Release|Any CPU
		{B5817132-2C12-4E9C-BF1C-AC7BB7FFE2B0}.Release|Any CPU.Build.0 = Release|Any CPU
		{39E0C1D4-C85E-4CBA-9479-4DD4CA70D5D1}.Debug|Any CPU.ActiveCfg = Debug|Any CPU
		{39E0C1D4-C85E-4CBA-9479-4DD4CA70D5D1}.Debug|Any CPU.Build.0 = Debug|Any CPU
		{39E0C1D4-C85E-4CBA-9479-4DD4CA70D5D1}.Release|Any CPU.ActiveCfg = Release|Any CPU
		{39E0C1D4-C85E-4CBA-9479-4DD4CA70D5D1}.Release|Any CPU.Build.0 = Release|Any CPU
		{8EF3F0AF-DE3E-4605-A247-B696FE383F61}.Debug|Any CPU.ActiveCfg = Debug|Any CPU
		{8EF3F0AF-DE3E-4605-A247-B696FE383F61}.Debug|Any CPU.Build.0 = Debug|Any CPU
		{8EF3F0AF-DE3E-4605-A247-B696FE383F61}.Release|Any CPU.ActiveCfg = Release|Any CPU
		{8EF3F0AF-DE3E-4605-A247-B696FE383F61}.Release|Any CPU.Build.0 = Release|Any CPU
		{3B27E9A1-8E4A-44FB-8D00-CA76623634A5}.Debug|Any CPU.ActiveCfg = Debug|Any CPU
		{3B27E9A1-8E4A-44FB-8D00-CA76623634A5}.Debug|Any CPU.Build.0 = Debug|Any CPU
		{3B27E9A1-8E4A-44FB-8D00-CA76623634A5}.Release|Any CPU.ActiveCfg = Release|Any CPU
		{3B27E9A1-8E4A-44FB-8D00-CA76623634A5}.Release|Any CPU.Build.0 = Release|Any CPU
		{0955D20A-CA9A-41FE-9ADA-4E8B2DC8E822}.Debug|Any CPU.ActiveCfg = Debug|Any CPU
		{0955D20A-CA9A-41FE-9ADA-4E8B2DC8E822}.Debug|Any CPU.Build.0 = Debug|Any CPU
		{0955D20A-CA9A-41FE-9ADA-4E8B2DC8E822}.Release|Any CPU.ActiveCfg = Release|Any CPU
		{0955D20A-CA9A-41FE-9ADA-4E8B2DC8E822}.Release|Any CPU.Build.0 = Release|Any CPU
		{B3E1011F-39D2-4299-9D97-8CEFCEE1A07D}.Debug|Any CPU.ActiveCfg = Debug|Any CPU
		{B3E1011F-39D2-4299-9D97-8CEFCEE1A07D}.Debug|Any CPU.Build.0 = Debug|Any CPU
		{B3E1011F-39D2-4299-9D97-8CEFCEE1A07D}.Release|Any CPU.ActiveCfg = Release|Any CPU
		{B3E1011F-39D2-4299-9D97-8CEFCEE1A07D}.Release|Any CPU.Build.0 = Release|Any CPU
		{D00F15A4-6213-4880-BDBD-75810EFAE8F8}.Debug|Any CPU.ActiveCfg = Debug|Any CPU
		{D00F15A4-6213-4880-BDBD-75810EFAE8F8}.Debug|Any CPU.Build.0 = Debug|Any CPU
		{D00F15A4-6213-4880-BDBD-75810EFAE8F8}.Release|Any CPU.ActiveCfg = Release|Any CPU
		{D00F15A4-6213-4880-BDBD-75810EFAE8F8}.Release|Any CPU.Build.0 = Release|Any CPU
		{9C604102-8740-446E-9B7E-58861C563A86}.Debug|Any CPU.ActiveCfg = Debug|Any CPU
		{9C604102-8740-446E-9B7E-58861C563A86}.Debug|Any CPU.Build.0 = Debug|Any CPU
		{9C604102-8740-446E-9B7E-58861C563A86}.Release|Any CPU.ActiveCfg = Release|Any CPU
		{9C604102-8740-446E-9B7E-58861C563A86}.Release|Any CPU.Build.0 = Release|Any CPU
		{A901E5F3-D988-49E2-8CD6-C9ECA03CB3D1}.Debug|Any CPU.ActiveCfg = Debug|Any CPU
		{A901E5F3-D988-49E2-8CD6-C9ECA03CB3D1}.Debug|Any CPU.Build.0 = Debug|Any CPU
		{A901E5F3-D988-49E2-8CD6-C9ECA03CB3D1}.Release|Any CPU.ActiveCfg = Release|Any CPU
		{A901E5F3-D988-49E2-8CD6-C9ECA03CB3D1}.Release|Any CPU.Build.0 = Release|Any CPU
		{3D923D8D-A3D9-4F7E-97D3-CBAF49FE4561}.Debug|Any CPU.ActiveCfg = Debug|Any CPU
		{3D923D8D-A3D9-4F7E-97D3-CBAF49FE4561}.Debug|Any CPU.Build.0 = Debug|Any CPU
		{3D923D8D-A3D9-4F7E-97D3-CBAF49FE4561}.Release|Any CPU.ActiveCfg = Release|Any CPU
		{3D923D8D-A3D9-4F7E-97D3-CBAF49FE4561}.Release|Any CPU.Build.0 = Release|Any CPU
		{04DFFA75-4635-4AC2-80C4-74377581194A}.Debug|Any CPU.ActiveCfg = Debug|Any CPU
		{04DFFA75-4635-4AC2-80C4-74377581194A}.Debug|Any CPU.Build.0 = Debug|Any CPU
		{04DFFA75-4635-4AC2-80C4-74377581194A}.Release|Any CPU.ActiveCfg = Release|Any CPU
		{04DFFA75-4635-4AC2-80C4-74377581194A}.Release|Any CPU.Build.0 = Release|Any CPU
		{5ADF4E9B-1C60-4203-8A42-6038ABD7168A}.Debug|Any CPU.ActiveCfg = Debug|Any CPU
		{5ADF4E9B-1C60-4203-8A42-6038ABD7168A}.Debug|Any CPU.Build.0 = Debug|Any CPU
		{5ADF4E9B-1C60-4203-8A42-6038ABD7168A}.Release|Any CPU.ActiveCfg = Release|Any CPU
		{5ADF4E9B-1C60-4203-8A42-6038ABD7168A}.Release|Any CPU.Build.0 = Release|Any CPU
		{ADD35AF3-AF14-43E4-B63B-0F6C2ADD5229}.Debug|Any CPU.ActiveCfg = Debug|Any CPU
		{ADD35AF3-AF14-43E4-B63B-0F6C2ADD5229}.Debug|Any CPU.Build.0 = Debug|Any CPU
		{ADD35AF3-AF14-43E4-B63B-0F6C2ADD5229}.Release|Any CPU.ActiveCfg = Release|Any CPU
		{ADD35AF3-AF14-43E4-B63B-0F6C2ADD5229}.Release|Any CPU.Build.0 = Release|Any CPU
		{F11A617F-236E-4CD0-9926-72C7F874DB62}.Debug|Any CPU.ActiveCfg = Debug|Any CPU
		{F11A617F-236E-4CD0-9926-72C7F874DB62}.Debug|Any CPU.Build.0 = Debug|Any CPU
		{F11A617F-236E-4CD0-9926-72C7F874DB62}.Release|Any CPU.ActiveCfg = Release|Any CPU
		{F11A617F-236E-4CD0-9926-72C7F874DB62}.Release|Any CPU.Build.0 = Release|Any CPU
		{665AEF23-8654-474D-9722-5E1361D95129}.Debug|Any CPU.ActiveCfg = Debug|Any CPU
		{665AEF23-8654-474D-9722-5E1361D95129}.Debug|Any CPU.Build.0 = Debug|Any CPU
		{665AEF23-8654-474D-9722-5E1361D95129}.Release|Any CPU.ActiveCfg = Release|Any CPU
		{665AEF23-8654-474D-9722-5E1361D95129}.Release|Any CPU.Build.0 = Release|Any CPU
		{5FAE0463-DBAF-4E66-BE26-B26CCF4D7914}.Debug|Any CPU.ActiveCfg = Debug|Any CPU
		{5FAE0463-DBAF-4E66-BE26-B26CCF4D7914}.Debug|Any CPU.Build.0 = Debug|Any CPU
		{5FAE0463-DBAF-4E66-BE26-B26CCF4D7914}.Release|Any CPU.ActiveCfg = Release|Any CPU
		{5FAE0463-DBAF-4E66-BE26-B26CCF4D7914}.Release|Any CPU.Build.0 = Release|Any CPU
		{FA14AC14-119E-425D-8D61-E3AB8AE18909}.Debug|Any CPU.ActiveCfg = Debug|Any CPU
		{FA14AC14-119E-425D-8D61-E3AB8AE18909}.Debug|Any CPU.Build.0 = Debug|Any CPU
		{FA14AC14-119E-425D-8D61-E3AB8AE18909}.Release|Any CPU.ActiveCfg = Release|Any CPU
		{FA14AC14-119E-425D-8D61-E3AB8AE18909}.Release|Any CPU.Build.0 = Release|Any CPU
		{D2517216-097A-4117-9734-54EE7A042016}.Debug|Any CPU.ActiveCfg = Debug|Any CPU
		{D2517216-097A-4117-9734-54EE7A042016}.Debug|Any CPU.Build.0 = Debug|Any CPU
		{D2517216-097A-4117-9734-54EE7A042016}.Release|Any CPU.ActiveCfg = Release|Any CPU
		{D2517216-097A-4117-9734-54EE7A042016}.Release|Any CPU.Build.0 = Release|Any CPU
		{A406CE01-DDBE-413C-9737-E065CF3B5974}.Debug|Any CPU.ActiveCfg = Debug|Any CPU
		{A406CE01-DDBE-413C-9737-E065CF3B5974}.Debug|Any CPU.Build.0 = Debug|Any CPU
		{A406CE01-DDBE-413C-9737-E065CF3B5974}.Release|Any CPU.ActiveCfg = Release|Any CPU
		{A406CE01-DDBE-413C-9737-E065CF3B5974}.Release|Any CPU.Build.0 = Release|Any CPU
		{CAFE7F30-4EA6-45F7-9485-3987AA5B73FB}.Debug|Any CPU.ActiveCfg = Debug|Any CPU
		{CAFE7F30-4EA6-45F7-9485-3987AA5B73FB}.Debug|Any CPU.Build.0 = Debug|Any CPU
		{CAFE7F30-4EA6-45F7-9485-3987AA5B73FB}.Release|Any CPU.ActiveCfg = Release|Any CPU
		{CAFE7F30-4EA6-45F7-9485-3987AA5B73FB}.Release|Any CPU.Build.0 = Release|Any CPU
		{05CCF510-5A32-426A-8504-6A90C83CDF19}.Debug|Any CPU.ActiveCfg = Debug|Any CPU
		{05CCF510-5A32-426A-8504-6A90C83CDF19}.Debug|Any CPU.Build.0 = Debug|Any CPU
		{05CCF510-5A32-426A-8504-6A90C83CDF19}.Release|Any CPU.ActiveCfg = Release|Any CPU
		{05CCF510-5A32-426A-8504-6A90C83CDF19}.Release|Any CPU.Build.0 = Release|Any CPU
		{01D19794-F8B4-436D-A59A-CDBF5B0C55F0}.Debug|Any CPU.ActiveCfg = Debug|Any CPU
		{01D19794-F8B4-436D-A59A-CDBF5B0C55F0}.Debug|Any CPU.Build.0 = Debug|Any CPU
		{01D19794-F8B4-436D-A59A-CDBF5B0C55F0}.Release|Any CPU.ActiveCfg = Release|Any CPU
		{01D19794-F8B4-436D-A59A-CDBF5B0C55F0}.Release|Any CPU.Build.0 = Release|Any CPU
		{CBD662AF-CF46-4730-9A1F-0435FA1EEF60}.Debug|Any CPU.ActiveCfg = Debug|Any CPU
		{CBD662AF-CF46-4730-9A1F-0435FA1EEF60}.Debug|Any CPU.Build.0 = Debug|Any CPU
		{CBD662AF-CF46-4730-9A1F-0435FA1EEF60}.Release|Any CPU.ActiveCfg = Release|Any CPU
		{CBD662AF-CF46-4730-9A1F-0435FA1EEF60}.Release|Any CPU.Build.0 = Release|Any CPU
		{A3AFD939-8E4F-4FF5-A006-20CE0183BF57}.Debug|Any CPU.ActiveCfg = Debug|Any CPU
		{A3AFD939-8E4F-4FF5-A006-20CE0183BF57}.Debug|Any CPU.Build.0 = Debug|Any CPU
		{A3AFD939-8E4F-4FF5-A006-20CE0183BF57}.Release|Any CPU.ActiveCfg = Release|Any CPU
		{A3AFD939-8E4F-4FF5-A006-20CE0183BF57}.Release|Any CPU.Build.0 = Release|Any CPU
		{26F48C06-96F4-4ED6-A943-0FEEF2453B68}.Debug|Any CPU.ActiveCfg = Debug|Any CPU
		{26F48C06-96F4-4ED6-A943-0FEEF2453B68}.Debug|Any CPU.Build.0 = Debug|Any CPU
		{26F48C06-96F4-4ED6-A943-0FEEF2453B68}.Release|Any CPU.ActiveCfg = Release|Any CPU
		{26F48C06-96F4-4ED6-A943-0FEEF2453B68}.Release|Any CPU.Build.0 = Release|Any CPU
		{B7C22E87-9049-490B-A8CB-4FAFF0D76CD8}.Debug|Any CPU.ActiveCfg = Debug|Any CPU
		{B7C22E87-9049-490B-A8CB-4FAFF0D76CD8}.Debug|Any CPU.Build.0 = Debug|Any CPU
		{B7C22E87-9049-490B-A8CB-4FAFF0D76CD8}.Release|Any CPU.ActiveCfg = Release|Any CPU
		{B7C22E87-9049-490B-A8CB-4FAFF0D76CD8}.Release|Any CPU.Build.0 = Release|Any CPU
		{3DDA37B2-E634-4811-BB06-CB2B74564CA9}.Debug|Any CPU.ActiveCfg = Debug|Any CPU
		{3DDA37B2-E634-4811-BB06-CB2B74564CA9}.Debug|Any CPU.Build.0 = Debug|Any CPU
		{3DDA37B2-E634-4811-BB06-CB2B74564CA9}.Release|Any CPU.ActiveCfg = Release|Any CPU
		{3DDA37B2-E634-4811-BB06-CB2B74564CA9}.Release|Any CPU.Build.0 = Release|Any CPU
		{C3B9AD83-ED19-435E-94A3-479A0035E6E2}.Debug|Any CPU.ActiveCfg = Debug|Any CPU
		{C3B9AD83-ED19-435E-94A3-479A0035E6E2}.Debug|Any CPU.Build.0 = Debug|Any CPU
		{C3B9AD83-ED19-435E-94A3-479A0035E6E2}.Release|Any CPU.ActiveCfg = Release|Any CPU
		{C3B9AD83-ED19-435E-94A3-479A0035E6E2}.Release|Any CPU.Build.0 = Release|Any CPU
		{22E80125-8FFD-41B0-A47A-34B40FBCFB6E}.Debug|Any CPU.ActiveCfg = Debug|Any CPU
		{22E80125-8FFD-41B0-A47A-34B40FBCFB6E}.Debug|Any CPU.Build.0 = Debug|Any CPU
		{22E80125-8FFD-41B0-A47A-34B40FBCFB6E}.Release|Any CPU.ActiveCfg = Release|Any CPU
		{22E80125-8FFD-41B0-A47A-34B40FBCFB6E}.Release|Any CPU.Build.0 = Release|Any CPU
		{EB44524E-3100-4B6F-BB31-690FC1FF36AF}.Debug|Any CPU.ActiveCfg = Debug|Any CPU
		{EB44524E-3100-4B6F-BB31-690FC1FF36AF}.Debug|Any CPU.Build.0 = Debug|Any CPU
		{EB44524E-3100-4B6F-BB31-690FC1FF36AF}.Release|Any CPU.ActiveCfg = Release|Any CPU
		{EB44524E-3100-4B6F-BB31-690FC1FF36AF}.Release|Any CPU.Build.0 = Release|Any CPU
		{35EAA7E3-8911-4731-9399-6F97E7C37208}.Debug|Any CPU.ActiveCfg = Debug|Any CPU
		{35EAA7E3-8911-4731-9399-6F97E7C37208}.Debug|Any CPU.Build.0 = Debug|Any CPU
		{35EAA7E3-8911-4731-9399-6F97E7C37208}.Release|Any CPU.ActiveCfg = Release|Any CPU
		{35EAA7E3-8911-4731-9399-6F97E7C37208}.Release|Any CPU.Build.0 = Release|Any CPU
		{77FF541A-606C-498E-960C-2A2322D825A5}.Debug|Any CPU.ActiveCfg = Debug|Any CPU
		{77FF541A-606C-498E-960C-2A2322D825A5}.Debug|Any CPU.Build.0 = Debug|Any CPU
		{77FF541A-606C-498E-960C-2A2322D825A5}.Release|Any CPU.ActiveCfg = Release|Any CPU
		{77FF541A-606C-498E-960C-2A2322D825A5}.Release|Any CPU.Build.0 = Release|Any CPU
		{B88A65C4-A82A-4C0E-A6B2-837B6BCA20C6}.Debug|Any CPU.ActiveCfg = Debug|Any CPU
		{B88A65C4-A82A-4C0E-A6B2-837B6BCA20C6}.Debug|Any CPU.Build.0 = Debug|Any CPU
		{B88A65C4-A82A-4C0E-A6B2-837B6BCA20C6}.Release|Any CPU.ActiveCfg = Release|Any CPU
		{B88A65C4-A82A-4C0E-A6B2-837B6BCA20C6}.Release|Any CPU.Build.0 = Release|Any CPU
		{6048DF12-0F6E-4E0D-B1DB-CFE2FF984B32}.Debug|Any CPU.ActiveCfg = Debug|Any CPU
		{6048DF12-0F6E-4E0D-B1DB-CFE2FF984B32}.Debug|Any CPU.Build.0 = Debug|Any CPU
		{6048DF12-0F6E-4E0D-B1DB-CFE2FF984B32}.Release|Any CPU.ActiveCfg = Release|Any CPU
		{6048DF12-0F6E-4E0D-B1DB-CFE2FF984B32}.Release|Any CPU.Build.0 = Release|Any CPU
		{A7F97FF5-54DD-45D5-BAB3-4B0B992CBC11}.Debug|Any CPU.ActiveCfg = Debug|Any CPU
		{A7F97FF5-54DD-45D5-BAB3-4B0B992CBC11}.Debug|Any CPU.Build.0 = Debug|Any CPU
		{A7F97FF5-54DD-45D5-BAB3-4B0B992CBC11}.Release|Any CPU.ActiveCfg = Release|Any CPU
		{A7F97FF5-54DD-45D5-BAB3-4B0B992CBC11}.Release|Any CPU.Build.0 = Release|Any CPU
		{926BA16D-7E7B-4D6C-9E73-1868F36AD702}.Debug|Any CPU.ActiveCfg = Debug|Any CPU
		{926BA16D-7E7B-4D6C-9E73-1868F36AD702}.Debug|Any CPU.Build.0 = Debug|Any CPU
		{926BA16D-7E7B-4D6C-9E73-1868F36AD702}.Release|Any CPU.ActiveCfg = Release|Any CPU
		{926BA16D-7E7B-4D6C-9E73-1868F36AD702}.Release|Any CPU.Build.0 = Release|Any CPU
		{6A50BCB9-B604-45C7-AFF9-E6174C2612DB}.Debug|Any CPU.ActiveCfg = Debug|Any CPU
		{6A50BCB9-B604-45C7-AFF9-E6174C2612DB}.Debug|Any CPU.Build.0 = Debug|Any CPU
		{6A50BCB9-B604-45C7-AFF9-E6174C2612DB}.Release|Any CPU.ActiveCfg = Release|Any CPU
		{6A50BCB9-B604-45C7-AFF9-E6174C2612DB}.Release|Any CPU.Build.0 = Release|Any CPU
		{558AE494-65B4-4063-9BFF-51E1118A7E9B}.Debug|Any CPU.ActiveCfg = Debug|Any CPU
		{558AE494-65B4-4063-9BFF-51E1118A7E9B}.Debug|Any CPU.Build.0 = Debug|Any CPU
		{558AE494-65B4-4063-9BFF-51E1118A7E9B}.Release|Any CPU.ActiveCfg = Release|Any CPU
		{558AE494-65B4-4063-9BFF-51E1118A7E9B}.Release|Any CPU.Build.0 = Release|Any CPU
		{E1F57F81-5FAF-46F0-AA15-7A1BD2CEE19F}.Debug|Any CPU.ActiveCfg = Debug|Any CPU
		{E1F57F81-5FAF-46F0-AA15-7A1BD2CEE19F}.Debug|Any CPU.Build.0 = Debug|Any CPU
		{E1F57F81-5FAF-46F0-AA15-7A1BD2CEE19F}.Release|Any CPU.ActiveCfg = Release|Any CPU
		{E1F57F81-5FAF-46F0-AA15-7A1BD2CEE19F}.Release|Any CPU.Build.0 = Release|Any CPU
	EndGlobalSection
	GlobalSection(SolutionProperties) = preSolution
		HideSolutionNode = FALSE
	EndGlobalSection
	GlobalSection(ExtensibilityGlobals) = postSolution
		SolutionGuid = {8D957C18-6DAF-494E-A23C-A37347EA96C4}
	EndGlobalSection
	GlobalSection(NestedProjects) = preSolution
		{711DAC13-481C-4177-A804-2116BE38BD35} = {889531CC-3851-46D2-B710-9B04C6B528D9}
		{558AE494-65B4-4063-9BFF-51E1118A7E9B} = {889531CC-3851-46D2-B710-9B04C6B528D9}
		{8EF3F0AF-DE3E-4605-A247-B696FE383F61} = {889531CC-3851-46D2-B710-9B04C6B528D9}
		{69405A25-0C18-4BC2-A897-6FED7074E796} = {889531CC-3851-46D2-B710-9B04C6B528D9}
		{9C604102-8740-446E-9B7E-58861C563A86} = {69405A25-0C18-4BC2-A897-6FED7074E796}
		{6A50BCB9-B604-45C7-AFF9-E6174C2612DB} = {69405A25-0C18-4BC2-A897-6FED7074E796}
		{ADF444C9-69EB-489B-9815-573FDDD5AEBF} = {889531CC-3851-46D2-B710-9B04C6B528D9}
		{6172CB41-6391-4844-9D3A-C604361B18B2} = {ADF444C9-69EB-489B-9815-573FDDD5AEBF}
		{9A64AF28-C535-4B97-BD63-5D7990C44BBE} = {ADF444C9-69EB-489B-9815-573FDDD5AEBF}
		{B4E618D8-3EE0-4CCA-8DC7-CEAA078CCFFF} = {ADF444C9-69EB-489B-9815-573FDDD5AEBF}
		{8893DD9E-D0D5-4872-90C0-E247A53D64A4} = {ADF444C9-69EB-489B-9815-573FDDD5AEBF}
		{5ADF4E9B-1C60-4203-8A42-6038ABD7168A} = {ADF444C9-69EB-489B-9815-573FDDD5AEBF}
		{0955D20A-CA9A-41FE-9ADA-4E8B2DC8E822} = {ADF444C9-69EB-489B-9815-573FDDD5AEBF}
		{35EAA7E3-8911-4731-9399-6F97E7C37208} = {69405A25-0C18-4BC2-A897-6FED7074E796}
		{ADD35AF3-AF14-43E4-B63B-0F6C2ADD5229} = {889531CC-3851-46D2-B710-9B04C6B528D9}
	EndGlobalSection
EndGlobal
